github.com/BurntSushi/toml v1.5.0 h1:W5quZX/G/csjUnuI8SUYlsHs9M38FC7znL0lIO+DvMg=
github.com/BurntSushi/toml v1.5.0/go.mod h1:ukJfTF/6rtPPRCnwkur4qwRxa8vTRFBF0uk2lLoLwho=
golang.org/x/sys v0.34.0 h1:H5Y5sJ2L2JRdyv7ROF1he/lPdvFsd0mJHFw2ThKHxLA=
golang.org/x/sys v0.34.0/go.mod h1:BJP2sWEmIv4KK5OTEluFJCKSidICx8ciO85XgH3Ak8k=
kernel.org/pub/linux/libs/security/libcap/cap v1.2.76 h1:mrdLPj8ujM6eIKGtd1PkkuCIodpFFDM42Cfm0YODkIM=
kernel.org/pub/linux/libs/security/libcap/cap v1.2.76/go.mod h1:7V2BQeHnVAQwhCnCPJ977giCeGDiywVewWF+8vkpPlc=
kernel.org/pub/linux/libs/security/libcap/psx v1.2.76 h1:3DyzQ30OHt3wiOZVL1se2g1PAPJIU7+tMUyvfMUj1dY=
kernel.org/pub/linux/libs/security/libcap/psx v1.2.76/go.mod h1:+l6Ee2F59XiJ2I6WR5ObpC1utCQJZ/VLsEbQCD8RG24=
